{
    "_meta": {
        "hash": {
            "sha256": "348b0342ca47fe1fcc62586a1415c7dfe3392ebafd63833d76bf140b04f77fc9"
        },
        "pipfile-spec": 6,
        "requires": {
            "python_version": "3.8"
        },
        "sources": [
            {
                "name": "pypi",
                "url": "https://pypi.org",
                "verify_ssl": true
            }
        ]
    },
    "default": {},
    "develop": {}
}
